
Microsoft Visual Studio Solution File, Format Version 12.00
# Visual Studio 15
VisualStudioVersion = 15.0.28307.329
MinimumVisualStudioVersion = 10.0.40219.1
Project("{FAE04EC0-301F-11D3-BF4B-00C04F79EFBC}") = "Console01", "ConsoleApp1\Console01.csproj", "{7F68D127-E5CC-4914-B4F8-AD254655AC02}"
EndProject
Project("{FAE04EC0-301F-11D3-BF4B-00C04F79EFBC}") = "WinForm01", "WinForm01\WinForm01.csproj", "{76C934CD-6741-4134-B631-8D48EA92AA04}"
EndProject
Project("{FAE04EC0-301F-11D3-BF4B-00C04F79EFBC}") = "ConsoleQuadEquation", "ConsoleQuadEquation\ConsoleQuadEquation.csproj", "{524DDD3F-2383-4D8C-8461-F4D0C40F32C7}"
EndProject
Project("{FAE04EC0-301F-11D3-BF4B-00C04F79EFBC}") = "QuadEquationWinForm", "QuadEquationWinForm\QuadEquationWinForm.csproj", "{C0BD5AE9-0056-46EE-9522-DFC7767BF812}"
EndProject
Project("{FAE04EC0-301F-11D3-BF4B-00C04F79EFBC}") = "Arrays1", "Arrays1\Arrays1.csproj", "{E3016E96-18D4-43BA-9CF2-E51450AF0698}"
EndProject
Project("{FAE04EC0-301F-11D3-BF4B-00C04F79EFBC}") = "Arrays2", "Arrays2\Arrays2.csproj", "{E0C4101D-CE05-41D6-BAB1-40F326E34468}"
EndProject
Project("{FAE04EC0-301F-11D3-BF4B-00C04F79EFBC}") = "OOP1", "OOP1\OOP1.csproj", "{10CC8991-CB15-4C1D-A950-BE013CE3D468}"
EndProject
Project("{FAE04EC0-301F-11D3-BF4B-00C04F79EFBC}") = "OOPLib1", "OOPLib1\OOPLib1.csproj", "{E991D5A4-E2FB-4535-9D26-DC7E471D4066}"
EndProject
Global
	GlobalSection(SolutionConfigurationPlatforms) = preSolution
		Debug|Any CPU = Debug|Any CPU
		Release|Any CPU = Release|Any CPU
	EndGlobalSection
	GlobalSection(ProjectConfigurationPlatforms) = postSolution
		{7F68D127-E5CC-4914-B4F8-AD254655AC02}.Debug|Any CPU.ActiveCfg = Debug|Any CPU
		{7F68D127-E5CC-4914-B4F8-AD254655AC02}.Debug|Any CPU.Build.0 = Debug|Any CPU
		{7F68D127-E5CC-4914-B4F8-AD254655AC02}.Release|Any CPU.ActiveCfg = Release|Any CPU
		{7F68D127-E5CC-4914-B4F8-AD254655AC02}.Release|Any CPU.Build.0 = Release|Any CPU
		{76C934CD-6741-4134-B631-8D48EA92AA04}.Debug|Any CPU.ActiveCfg = Debug|Any CPU
		{76C934CD-6741-4134-B631-8D48EA92AA04}.Debug|Any CPU.Build.0 = Debug|Any CPU
		{76C934CD-6741-4134-B631-8D48EA92AA04}.Release|Any CPU.ActiveCfg = Release|Any CPU
		{76C934CD-6741-4134-B631-8D48EA92AA04}.Release|Any CPU.Build.0 = Release|Any CPU
		{524DDD3F-2383-4D8C-8461-F4D0C40F32C7}.Debug|Any CPU.ActiveCfg = Debug|Any CPU
		{524DDD3F-2383-4D8C-8461-F4D0C40F32C7}.Debug|Any CPU.Build.0 = Debug|Any CPU
		{524DDD3F-2383-4D8C-8461-F4D0C40F32C7}.Release|Any CPU.ActiveCfg = Release|Any CPU
		{524DDD3F-2383-4D8C-8461-F4D0C40F32C7}.Release|Any CPU.Build.0 = Release|Any CPU
		{C0BD5AE9-0056-46EE-9522-DFC7767BF812}.Debug|Any CPU.ActiveCfg = Debug|Any CPU
		{C0BD5AE9-0056-46EE-9522-DFC7767BF812}.Debug|Any CPU.Build.0 = Debug|Any CPU
		{C0BD5AE9-0056-46EE-9522-DFC7767BF812}.Release|Any CPU.ActiveCfg = Release|Any CPU
		{C0BD5AE9-0056-46EE-9522-DFC7767BF812}.Release|Any CPU.Build.0 = Release|Any CPU
		{E3016E96-18D4-43BA-9CF2-E51450AF0698}.Debug|Any CPU.ActiveCfg = Debug|Any CPU
		{E3016E96-18D4-43BA-9CF2-E51450AF0698}.Debug|Any CPU.Build.0 = Debug|Any CPU
		{E3016E96-18D4-43BA-9CF2-E51450AF0698}.Release|Any CPU.ActiveCfg = Release|Any CPU
		{E3016E96-18D4-43BA-9CF2-E51450AF0698}.Release|Any CPU.Build.0 = Release|Any CPU
		{E0C4101D-CE05-41D6-BAB1-40F326E34468}.Debug|Any CPU.ActiveCfg = Debug|Any CPU
		{E0C4101D-CE05-41D6-BAB1-40F326E34468}.Debug|Any CPU.Build.0 = Debug|Any CPU
		{E0C4101D-CE05-41D6-BAB1-40F326E34468}.Release|Any CPU.ActiveCfg = Release|Any CPU
		{E0C4101D-CE05-41D6-BAB1-40F326E34468}.Release|Any CPU.Build.0 = Release|Any CPU
		{10CC8991-CB15-4C1D-A950-BE013CE3D468}.Debug|Any CPU.ActiveCfg = Debug|Any CPU
		{10CC8991-CB15-4C1D-A950-BE013CE3D468}.Debug|Any CPU.Build.0 = Debug|Any CPU
		{10CC8991-CB15-4C1D-A950-BE013CE3D468}.Release|Any CPU.ActiveCfg = Release|Any CPU
		{10CC8991-CB15-4C1D-A950-BE013CE3D468}.Release|Any CPU.Build.0 = Release|Any CPU
		{E991D5A4-E2FB-4535-9D26-DC7E471D4066}.Debug|Any CPU.ActiveCfg = Debug|Any CPU
		{E991D5A4-E2FB-4535-9D26-DC7E471D4066}.Debug|Any CPU.Build.0 = Debug|Any CPU
		{E991D5A4-E2FB-4535-9D26-DC7E471D4066}.Release|Any CPU.ActiveCfg = Release|Any CPU
		{E991D5A4-E2FB-4535-9D26-DC7E471D4066}.Release|Any CPU.Build.0 = Release|Any CPU
	EndGlobalSection
	GlobalSection(SolutionProperties) = preSolution
		HideSolutionNode = FALSE
	EndGlobalSection
	GlobalSection(ExtensibilityGlobals) = postSolution
		SolutionGuid = {B8BFB359-A562-483A-B6CE-BB973E49EFDD}
	EndGlobalSection
EndGlobal
